// !$*UTF8*$!
{
	archiveVersion = 1;
	classes = {
	};
	objectVersion = 46;
	objects = {

/* Begin PBXBuildFile section */
		961DA87C1D1DA6FF004E1E1E /* AppDelegate.swift in Sources */ = {isa = PBXBuildFile; fileRef = 961DA87B1D1DA6FF004E1E1E /* AppDelegate.swift */; };
		961DA87E1D1DA6FF004E1E1E /* ViewController.swift in Sources */ = {isa = PBXBuildFile; fileRef = 961DA87D1D1DA6FF004E1E1E /* ViewController.swift */; };
		961DA8811D1DA6FF004E1E1E /* Main.storyboard in Resources */ = {isa = PBXBuildFile; fileRef = 961DA87F1D1DA6FF004E1E1E /* Main.storyboard */; };
		961DA8831D1DA6FF004E1E1E /* Assets.xcassets in Resources */ = {isa = PBXBuildFile; fileRef = 961DA8821D1DA6FF004E1E1E /* Assets.xcassets */; };
		961DA8861D1DA6FF004E1E1E /* LaunchScreen.storyboard in Resources */ = {isa = PBXBuildFile; fileRef = 961DA8841D1DA6FF004E1E1E /* LaunchScreen.storyboard */; };
/* End PBXBuildFile section */

/* Begin PBXFileReference section */
		961DA8781D1DA6FF004E1E1E /* LoadingViewController.app */ = {isa = PBXFileReference; explicitFileType = wrapper.application; includeInIndex = 0; path = LoadingViewController.app; sourceTree = BUILT_PRODUCTS_DIR; };
		961DA87B1D1DA6FF004E1E1E /* AppDelegate.swift */ = {isa = PBXFileReference; lastKnownFileType = sourcecode.swift; path = AppDelegate.swift; sourceTree = "<group>"; };
		961DA87D1D1DA6FF004E1E1E /* ViewController.swift */ = {isa = PBXFileReference; lastKnownFileType = sourcecode.swift; path = ViewController.swift; sourceTree = "<group>"; };
		961DA8801D1DA6FF004E1E1E /* Base */ = {isa = PBXFileReference; lastKnownFileType = file.storyboard; name = Base; path = Base.lproj/Main.storyboard; sourceTree = "<group>"; };
		961DA8821D1DA6FF004E1E1E /* Assets.xcassets */ = {isa = PBXFileReference; lastKnownFileType = folder.assetcatalog; path = Assets.xcassets; sourceTree = "<group>"; };
		961DA8851D1DA6FF004E1E1E /* Base */ = {isa = PBXFileReference; lastKnownFileType = file.storyboard; name = Base; path = Base.lproj/LaunchScreen.storyboard; sourceTree = "<group>"; };
		961DA8871D1DA6FF004E1E1E /* Info.plist */ = {isa = PBXFileReference; lastKnownFileType = text.plist.xml; path = Info.plist; sourceTree = "<group>"; };
/* End PBXFileReference section */

/* Begin PBXFrameworksBuildPhase section */
		961DA8751D1DA6FF004E1E1E /* Frameworks */ = {
			isa = PBXFrameworksBuildPhase;
			buildActionMask = 2147483647;
			files = (
			);
			runOnlyForDeploymentPostprocessing = 0;
		};
/* End PBXFrameworksBuildPhase section */

/* Begin PBXGroup section */
		961DA86F1D1DA6FF004E1E1E = {
			isa = PBXGroup;
			children = (
				961DA87A1D1DA6FF004E1E1E /* LoadingViewController */,
				961DA8791D1DA6FF004E1E1E /* Products */,
			);
			sourceTree = "<group>";
		};
		961DA8791D1DA6FF004E1E1E /* Products */ = {
			isa = PBXGroup;
			children = (
				961DA8781D1DA6FF004E1E1E /* LoadingViewController.app */,
			);
			name = Products;
			sourceTree = "<group>";
		};
		961DA87A1D1DA6FF004E1E1E /* LoadingViewController */ = {
			isa = PBXGroup;
			children = (
				961DA87B1D1DA6FF004E1E1E /* AppDelegate.swift */,
				961DA87D1D1DA6FF004E1E1E /* ViewController.swift */,
				961DA88D1D1DA70D004E1E1E /* Support Files */,
			);
			path = LoadingViewController;
			sourceTree = "<group>";
		};
		961DA88D1D1DA70D004E1E1E /* Support Files */ = {
			isa = PBXGroup;
			children = (
				961DA87F1D1DA6FF004E1E1E /* Main.storyboard */,
				961DA8821D1DA6FF004E1E1E /* Assets.xcassets */,
				961DA8841D1DA6FF004E1E1E /* LaunchScreen.storyboard */,
				961DA8871D1DA6FF004E1E1E /* Info.plist */,
			);
			name = "Support Files";
			sourceTree = "<group>";
		};
/* End PBXGroup section */

/* Begin PBXNativeTarget section */
		961DA8771D1DA6FF004E1E1E /* LoadingViewController */ = {
			isa = PBXNativeTarget;
			buildConfigurationList = 961DA88A1D1DA6FF004E1E1E /* Build configuration list for PBXNativeTarget "LoadingViewController" */;
			buildPhases = (
				961DA8741D1DA6FF004E1E1E /* Sources */,
				961DA8751D1DA6FF004E1E1E /* Frameworks */,
				961DA8761D1DA6FF004E1E1E /* Resources */,
			);
			buildRules = (
			);
			dependencies = (
			);
			name = LoadingViewController;
			productName = LoadingViewController;
			productReference = 961DA8781D1DA6FF004E1E1E /* LoadingViewController.app */;
			productType = "com.apple.product-type.application";
		};
/* End PBXNativeTarget section */

/* Begin PBXProject section */
		961DA8701D1DA6FF004E1E1E /* Project object */ = {
			isa = PBXProject;
			attributes = {
				LastSwiftUpdateCheck = 0730;
				LastUpgradeCheck = 0730;
				ORGANIZATIONNAME = saitjr;
				TargetAttributes = {
					961DA8771D1DA6FF004E1E1E = {
						CreatedOnToolsVersion = 7.3.1;
					};
				};
			};
			buildConfigurationList = 961DA8731D1DA6FF004E1E1E /* Build configuration list for PBXProject "LoadingViewController" */;
			compatibilityVersion = "Xcode 3.2";
			developmentRegion = English;
			hasScannedForEncodings = 0;
			knownRegions = (
				en,
				Base,
			);
			mainGroup = 961DA86F1D1DA6FF004E1E1E;
			productRefGroup = 961DA8791D1DA6FF004E1E1E /* Products */;
			projectDirPath = "";
			projectRoot = "";
			targets = (
				961DA8771D1DA6FF004E1E1E /* LoadingViewController */,
			);
		};
/* End PBXProject section */

/* Begin PBXResourcesBuildPhase section */
		961DA8761D1DA6FF004E1E1E /* Resources */ = {
			isa = PBXResourcesBuildPhase;
			buildActionMask = 2147483647;
			files = (
				961DA8861D1DA6FF004E1E1E /* LaunchScreen.storyboard in Resources */,
				961DA8831D1DA6FF004E1E1E /* Assets.xcassets in Resources */,
				961DA8811D1DA6FF004E1E1E /* Main.storyboard in Resources */,
			);
			runOnlyForDeploymentPostprocessing = 0;
		};
/* End PBXResourcesBuildPhase section */

/* Begin PBXSourcesBuildPhase section */
		961DA8741D1DA6FF004E1E1E /* Sources */ = {
			isa = PBXSourcesBuildPhase;
			buildActionMask = 2147483647;
			files = (
				961DA87E1D1DA6FF004E1E1E /* ViewController.swift in Sources */,
				961DA87C1D1DA6FF004E1E1E /* AppDelegate.swift in Sources */,
			);
			runOnlyForDeploymentPostprocessing = 0;
		};
/* End PBXSourcesBuildPhase section */

/* Begin PBXVariantGroup section */
		961DA87F1D1DA6FF004E1E1E /* Main.storyboard */ = {
			isa = PBXVariantGroup;
			children = (
				961DA8801D1DA6FF004E1E1E /* Base */,
			);
			name = Main.storyboard;
			sourceTree = "<group>";
		};
		961DA8841D1DA6FF004E1E1E /* LaunchScreen.storyboard */ = {
			isa = PBXVariantGroup;
			children = (
				961DA8851D1DA6FF004E1E1E /* Base */,
			);
			name = LaunchScreen.storyboard;
			sourceTree = "<group>";
		};
/* End PBXVariantGroup section */

/* Begin XCBuildConfiguration section */
		961DA8881D1DA6FF004E1E1E /* Debug */ = {
			isa = XCBuildConfiguration;
			buildSettings = {
				ALWAYS_SEARCH_USER_PATHS = NO;
				CLANG_ANALYZER_NONNULL = YES;
				CLANG_CXX_LANGUAGE_STANDARD = "gnu++0x";
				CLANG_CXX_LIBRARY = "libc++";
				CLANG_ENABLE_MODULES = YES;
				CLANG_ENABLE_OBJC_ARC = YES;
				CLANG_WARN_BOOL_CONVERSION = YES;
				CLANG_WARN_CONSTANT_CONVERSION = YES;
				CLANG_WARN_DIRECT_OBJC_ISA_USAGE = YES_ERROR;
				CLANG_WARN_EMPTY_BODY = YES;
				CLANG_WARN_ENUM_CONVERSION = YES;
				CLANG_WARN_INT_CONVERSION = YES;
				CLANG_WARN_OBJC_ROOT_CLASS = YES_ERROR;
				CLANG_WARN_UNREACHABLE_CODE = YES;
				CLANG_WARN__DUPLICATE_METHOD_MATCH = YES;
				"CODE_SIGN_IDENTITY[sdk=iphoneos*]" = "iPhone Developer";
				COPY_PHASE_STRIP = NO;
				DEBUG_INFORMATION_FORMAT = dwarf;
				ENABLE_STRICT_OBJC_MSGSEND = YES;
				ENABLE_TESTABILITY = YES;
				GCC_C_LANGUAGE_STANDARD = gnu99;
				GCC_DYNAMIC_NO_PIC = NO;
				GCC_NO_COMMON_BLOCKS = YES;
				GCC_OPTIMIZATION_LEVEL = 0;
				GCC_PREPROCESSOR_DEFINITIONS = (
					"DEBUG=1",
					"$(inherited)",
				);
				GCC_WARN_64_TO_32_BIT_CONVERSION = YES;
				GCC_WARN_ABOUT_RETURN_TYPE = YES_ERROR;
				GCC_WARN_UNDECLARED_SELECTOR = YES;
				GCC_WARN_UNINITIALIZED_AUTOS = YES_AGGRESSIVE;
				GCC_WARN_UNUSED_FUNCTION = YES;
				GCC_WARN_UNUSED_VARIABLE = YES;
				IPHONEOS_DEPLOYMENT_TARGET = 9.3;
				MTL_ENABLE_DEBUG_INFO = YES;
				ONLY_ACTIVE_ARCH = YES;
				SDKROOT = iphoneos;
				SWIFT_OPTIMIZATION_LEVEL = "-Onone";
			};
			name = Debug;
		};
		961DA8891D1DA6FF004E1E1E /* Release */ = {
			isa = XCBuildConfiguration;
			buildSettings = {
				ALWAYS_SEARCH_USER_PATHS = NO;
				CLANG_ANALYZER_NONNULL = YES;
				CLANG_CXX_LANGUAGE_STANDARD = "gnu++0x";
				CLANG_CXX_LIBRARY = "libc++";
				CLANG_ENABLE_MODULES = YES;
				CLANG_ENABLE_OBJC_ARC = YES;
				CLANG_WARN_BOOL_CONVERSION = YES;
				CLANG_WARN_CONSTANT_CONVERSION = YES;
				CLANG_WARN_DIRECT_OBJC_ISA_USAGE = YES_ERROR;
				CLANG_WARN_EMPTY_BODY = YES;
				CLANG_WARN_ENUM_CONVERSION = YES;
				CLANG_WARN_INT_CONVERSION = YES;
				CLANG_WARN_OBJC_ROOT_CLASS = YES_ERROR;
				CLANG_WARN_UNREACHABLE_CODE = YES;
				CLANG_WARN__DUPLICATE_METHOD_MATCH = YES;
				"CODE_SIGN_IDENTITY[sdk=iphoneos*]" = "iPhone Developer";
				COPY_PHASE_STRIP = NO;
				DEBUG_INFORMATION_FORMAT = "dwarf-with-dsym";
				ENABLE_NS_ASSERTIONS = NO;
				ENABLE_STRICT_OBJC_MSGSEND = YES;
				GCC_C_LANGUAGE_STANDARD = gnu99;
				GCC_NO_COMMON_BLOCKS = YES;
				GCC_WARN_64_TO_32_BIT_CONVERSION = YES;
				GCC_WARN_ABOUT_RETURN_TYPE = YES_ERROR;
				GCC_WARN_UNDECLARED_SELECTOR = YES;
				GCC_WARN_UNINITIALIZED_AUTOS = YES_AGGRESSIVE;
				GCC_WARN_UNUSED_FUNCTION = YES;
				GCC_WARN_UNUSED_VARIABLE = YES;
				IPHONEOS_DEPLOYMENT_TARGET = 9.3;
				MTL_ENABLE_DEBUG_INFO = NO;
				SDKROOT = iphoneos;
				VALIDATE_PRODUCT = YES;
			};
			name = Release;
		};
		961DA88B1D1DA6FF004E1E1E /* Debug */ = {
			isa = XCBuildConfiguration;
			buildSettings = {
				ASSETCATALOG_COMPILER_APPICON_NAME = AppIcon;
				INFOPLIST_FILE = LoadingViewController/Info.plist;
				LD_RUNPATH_SEARCH_PATHS = "$(inherited) @executable_path/Frameworks";
				PRODUCT_BUNDLE_IDENTIFIER = com.saitjr.LoadingViewController;
				PRODUCT_NAME = "$(TARGET_NAME)";
			};
			name = Debug;
		};
		961DA88C1D1DA6FF004E1E1E /* Release */ = {
			isa = XCBuildConfiguration;
			buildSettings = {
				ASSETCATALOG_COMPILER_APPICON_NAME = AppIcon;
				INFOPLIST_FILE = LoadingViewController/Info.plist;
				LD_RUNPATH_SEARCH_PATHS = "$(inherited) @executable_path/Frameworks";
				PRODUCT_BUNDLE_IDENTIFIER = com.saitjr.LoadingViewController;
				PRODUCT_NAME = "$(TARGET_NAME)";
			};
			name = Release;
		};
/* End XCBuildConfiguration section */

/* Begin XCConfigurationList section */
		961DA8731D1DA6FF004E1E1E /* Build configuration list for PBXProject "LoadingViewController" */ = {
			isa = XCConfigurationList;
			buildConfigurations = (
				961DA8881D1DA6FF004E1E1E /* Debug */,
				961DA8891D1DA6FF004E1E1E /* Release */,
			);
			defaultConfigurationIsVisible = 0;
			defaultConfigurationName = Release;
		};
		961DA88A1D1DA6FF004E1E1E /* Build configuration list for PBXNativeTarget "LoadingViewController" */ = {
			isa = XCConfigurationList;
			buildConfigurations = (
				961DA88B1D1DA6FF004E1E1E /* Debug */,
				961DA88C1D1DA6FF004E1E1E /* Release */,
			);
			defaultConfigurationIsVisible = 0;
			defaultConfigurationName = Release;
		};
/* End XCConfigurationList section */
	};
	rootObject = 961DA8701D1DA6FF004E1E1E /* Project object */;
}
