// !$*UTF8*$!
{
	archiveVersion = 1;
	classes = {
	};
	objectVersion = 46;
	objects = {

/* Begin PBXBuildFile section */
		96348EBB1C68715600101AA9 /* AppDelegate.swift in Sources */ = {isa = PBXBuildFile; fileRef = 96348EBA1C68715600101AA9 /* AppDelegate.swift */; };
		96348EBD1C68715600101AA9 /* ViewController.swift in Sources */ = {isa = PBXBuildFile; fileRef = 96348EBC1C68715600101AA9 /* ViewController.swift */; };
		96348EC01C68715600101AA9 /* Main.storyboard in Resources */ = {isa = PBXBuildFile; fileRef = 96348EBE1C68715600101AA9 /* Main.storyboard */; };
		96348EC21C68715600101AA9 /* Assets.xcassets in Resources */ = {isa = PBXBuildFile; fileRef = 96348EC11C68715600101AA9 /* Assets.xcassets */; };
		96348EC51C68715600101AA9 /* LaunchScreen.storyboard in Resources */ = {isa = PBXBuildFile; fileRef = 96348EC31C68715600101AA9 /* LaunchScreen.storyboard */; };
		96348ECD1C68717700101AA9 /* BurgerButtonManager.swift in Sources */ = {isa = PBXBuildFile; fileRef = 96348ECC1C68717700101AA9 /* BurgerButtonManager.swift */; };
		96B3AFA91C71C1870027B55E /* ViewController2.swift in Sources */ = {isa = PBXBuildFile; fileRef = 96B3AFA81C71C1870027B55E /* ViewController2.swift */; };
/* End PBXBuildFile section */

/* Begin PBXFileReference section */
		96348EB71C68715600101AA9 /* BurgerButtonManager-class.app */ = {isa = PBXFileReference; explicitFileType = wrapper.application; includeInIndex = 0; path = "BurgerButtonManager-class.app"; sourceTree = BUILT_PRODUCTS_DIR; };
		96348EBA1C68715600101AA9 /* AppDelegate.swift */ = {isa = PBXFileReference; lastKnownFileType = sourcecode.swift; path = AppDelegate.swift; sourceTree = "<group>"; };
		96348EBC1C68715600101AA9 /* ViewController.swift */ = {isa = PBXFileReference; lastKnownFileType = sourcecode.swift; path = ViewController.swift; sourceTree = "<group>"; };
		96348EBF1C68715600101AA9 /* Base */ = {isa = PBXFileReference; lastKnownFileType = file.storyboard; name = Base; path = Base.lproj/Main.storyboard; sourceTree = "<group>"; };
		96348EC11C68715600101AA9 /* Assets.xcassets */ = {isa = PBXFileReference; lastKnownFileType = folder.assetcatalog; path = Assets.xcassets; sourceTree = "<group>"; };
		96348EC41C68715600101AA9 /* Base */ = {isa = PBXFileReference; lastKnownFileType = file.storyboard; name = Base; path = Base.lproj/LaunchScreen.storyboard; sourceTree = "<group>"; };
		96348EC61C68715600101AA9 /* Info.plist */ = {isa = PBXFileReference; lastKnownFileType = text.plist.xml; path = Info.plist; sourceTree = "<group>"; };
		96348ECC1C68717700101AA9 /* BurgerButtonManager.swift */ = {isa = PBXFileReference; fileEncoding = 4; lastKnownFileType = sourcecode.swift; path = BurgerButtonManager.swift; sourceTree = "<group>"; };
		96B3AFA81C71C1870027B55E /* ViewController2.swift */ = {isa = PBXFileReference; fileEncoding = 4; lastKnownFileType = sourcecode.swift; path = ViewController2.swift; sourceTree = "<group>"; };
/* End PBXFileReference section */

/* Begin PBXFrameworksBuildPhase section */
		96348EB41C68715600101AA9 /* Frameworks */ = {
			isa = PBXFrameworksBuildPhase;
			buildActionMask = 2147483647;
			files = (
			);
			runOnlyForDeploymentPostprocessing = 0;
		};
/* End PBXFrameworksBuildPhase section */

/* Begin PBXGroup section */
		96348EAE1C68715600101AA9 = {
			isa = PBXGroup;
			children = (
				96348EB91C68715600101AA9 /* BurgerButtonManager-class */,
				96348EB81C68715600101AA9 /* Products */,
			);
			sourceTree = "<group>";
		};
		96348EB81C68715600101AA9 /* Products */ = {
			isa = PBXGroup;
			children = (
				96348EB71C68715600101AA9 /* BurgerButtonManager-class.app */,
			);
			name = Products;
			sourceTree = "<group>";
		};
		96348EB91C68715600101AA9 /* BurgerButtonManager-class */ = {
			isa = PBXGroup;
			children = (
				96348EBA1C68715600101AA9 /* AppDelegate.swift */,
				96348EBC1C68715600101AA9 /* ViewController.swift */,
				96B3AFA81C71C1870027B55E /* ViewController2.swift */,
				96348ECC1C68717700101AA9 /* BurgerButtonManager.swift */,
				96348EBE1C68715600101AA9 /* Main.storyboard */,
				96348EC11C68715600101AA9 /* Assets.xcassets */,
				96348EC31C68715600101AA9 /* LaunchScreen.storyboard */,
				96348EC61C68715600101AA9 /* Info.plist */,
			);
			path = "BurgerButtonManager-class";
			sourceTree = "<group>";
		};
/* End PBXGroup section */

/* Begin PBXNativeTarget section */
		96348EB61C68715600101AA9 /* BurgerButtonManager-class */ = {
			isa = PBXNativeTarget;
			buildConfigurationList = 96348EC91C68715600101AA9 /* Build configuration list for PBXNativeTarget "BurgerButtonManager-class" */;
			buildPhases = (
				96348EB31C68715600101AA9 /* Sources */,
				96348EB41C68715600101AA9 /* Frameworks */,
				96348EB51C68715600101AA9 /* Resources */,
			);
			buildRules = (
			);
			dependencies = (
			);
			name = "BurgerButtonManager-class";
			productName = "BurgerButtonManager-class";
			productReference = 96348EB71C68715600101AA9 /* BurgerButtonManager-class.app */;
			productType = "com.apple.product-type.application";
		};
/* End PBXNativeTarget section */

/* Begin PBXProject section */
		96348EAF1C68715600101AA9 /* Project object */ = {
			isa = PBXProject;
			attributes = {
				LastSwiftUpdateCheck = 0720;
				LastUpgradeCheck = 0720;
				ORGANIZATIONNAME = tangjr;
				TargetAttributes = {
					96348EB61C68715600101AA9 = {
						CreatedOnToolsVersion = 7.2;
					};
				};
			};
			buildConfigurationList = 96348EB21C68715600101AA9 /* Build configuration list for PBXProject "BurgerButtonManager-class" */;
			compatibilityVersion = "Xcode 3.2";
			developmentRegion = English;
			hasScannedForEncodings = 0;
			knownRegions = (
				en,
				Base,
			);
			mainGroup = 96348EAE1C68715600101AA9;
			productRefGroup = 96348EB81C68715600101AA9 /* Products */;
			projectDirPath = "";
			projectRoot = "";
			targets = (
				96348EB61C68715600101AA9 /* BurgerButtonManager-class */,
			);
		};
/* End PBXProject section */

/* Begin PBXResourcesBuildPhase section */
		96348EB51C68715600101AA9 /* Resources */ = {
			isa = PBXResourcesBuildPhase;
			buildActionMask = 2147483647;
			files = (
				96348EC51C68715600101AA9 /* LaunchScreen.storyboard in Resources */,
				96348EC21C68715600101AA9 /* Assets.xcassets in Resources */,
				96348EC01C68715600101AA9 /* Main.storyboard in Resources */,
			);
			runOnlyForDeploymentPostprocessing = 0;
		};
/* End PBXResourcesBuildPhase section */

/* Begin PBXSourcesBuildPhase section */
		96348EB31C68715600101AA9 /* Sources */ = {
			isa = PBXSourcesBuildPhase;
			buildActionMask = 2147483647;
			files = (
				96348EBD1C68715600101AA9 /* ViewController.swift in Sources */,
				96B3AFA91C71C1870027B55E /* ViewController2.swift in Sources */,
				96348EBB1C68715600101AA9 /* AppDelegate.swift in Sources */,
				96348ECD1C68717700101AA9 /* BurgerButtonManager.swift in Sources */,
			);
			runOnlyForDeploymentPostprocessing = 0;
		};
/* End PBXSourcesBuildPhase section */

/* Begin PBXVariantGroup section */
		96348EBE1C68715600101AA9 /* Main.storyboard */ = {
			isa = PBXVariantGroup;
			children = (
				96348EBF1C68715600101AA9 /* Base */,
			);
			name = Main.storyboard;
			sourceTree = "<group>";
		};
		96348EC31C68715600101AA9 /* LaunchScreen.storyboard */ = {
			isa = PBXVariantGroup;
			children = (
				96348EC41C68715600101AA9 /* Base */,
			);
			name = LaunchScreen.storyboard;
			sourceTree = "<group>";
		};
/* End PBXVariantGroup section */

/* Begin XCBuildConfiguration section */
		96348EC71C68715600101AA9 /* Debug */ = {
			isa = XCBuildConfiguration;
			buildSettings = {
				ALWAYS_SEARCH_USER_PATHS = NO;
				CLANG_CXX_LANGUAGE_STANDARD = "gnu++0x";
				CLANG_CXX_LIBRARY = "libc++";
				CLANG_ENABLE_MODULES = YES;
				CLANG_ENABLE_OBJC_ARC = YES;
				CLANG_WARN_BOOL_CONVERSION = YES;
				CLANG_WARN_CONSTANT_CONVERSION = YES;
				CLANG_WARN_DIRECT_OBJC_ISA_USAGE = YES_ERROR;
				CLANG_WARN_EMPTY_BODY = YES;
				CLANG_WARN_ENUM_CONVERSION = YES;
				CLANG_WARN_INT_CONVERSION = YES;
				CLANG_WARN_OBJC_ROOT_CLASS = YES_ERROR;
				CLANG_WARN_UNREACHABLE_CODE = YES;
				CLANG_WARN__DUPLICATE_METHOD_MATCH = YES;
				"CODE_SIGN_IDENTITY[sdk=iphoneos*]" = "iPhone Developer";
				COPY_PHASE_STRIP = NO;
				DEBUG_INFORMATION_FORMAT = dwarf;
				ENABLE_STRICT_OBJC_MSGSEND = YES;
				ENABLE_TESTABILITY = YES;
				GCC_C_LANGUAGE_STANDARD = gnu99;
				GCC_DYNAMIC_NO_PIC = NO;
				GCC_NO_COMMON_BLOCKS = YES;
				GCC_OPTIMIZATION_LEVEL = 0;
				GCC_PREPROCESSOR_DEFINITIONS = (
					"DEBUG=1",
					"$(inherited)",
				);
				GCC_WARN_64_TO_32_BIT_CONVERSION = YES;
				GCC_WARN_ABOUT_RETURN_TYPE = YES_ERROR;
				GCC_WARN_UNDECLARED_SELECTOR = YES;
				GCC_WARN_UNINITIALIZED_AUTOS = YES_AGGRESSIVE;
				GCC_WARN_UNUSED_FUNCTION = YES;
				GCC_WARN_UNUSED_VARIABLE = YES;
				IPHONEOS_DEPLOYMENT_TARGET = 9.2;
				MTL_ENABLE_DEBUG_INFO = YES;
				ONLY_ACTIVE_ARCH = YES;
				SDKROOT = iphoneos;
				SWIFT_OPTIMIZATION_LEVEL = "-Onone";
				TARGETED_DEVICE_FAMILY = "1,2";
			};
			name = Debug;
		};
		96348EC81C68715600101AA9 /* Release */ = {
			isa = XCBuildConfiguration;
			buildSettings = {
				ALWAYS_SEARCH_USER_PATHS = NO;
				CLANG_CXX_LANGUAGE_STANDARD = "gnu++0x";
				CLANG_CXX_LIBRARY = "libc++";
				CLANG_ENABLE_MODULES = YES;
				CLANG_ENABLE_OBJC_ARC = YES;
				CLANG_WARN_BOOL_CONVERSION = YES;
				CLANG_WARN_CONSTANT_CONVERSION = YES;
				CLANG_WARN_DIRECT_OBJC_ISA_USAGE = YES_ERROR;
				CLANG_WARN_EMPTY_BODY = YES;
				CLANG_WARN_ENUM_CONVERSION = YES;
				CLANG_WARN_INT_CONVERSION = YES;
				CLANG_WARN_OBJC_ROOT_CLASS = YES_ERROR;
				CLANG_WARN_UNREACHABLE_CODE = YES;
				CLANG_WARN__DUPLICATE_METHOD_MATCH = YES;
				"CODE_SIGN_IDENTITY[sdk=iphoneos*]" = "iPhone Developer";
				COPY_PHASE_STRIP = NO;
				DEBUG_INFORMATION_FORMAT = "dwarf-with-dsym";
				ENABLE_NS_ASSERTIONS = NO;
				ENABLE_STRICT_OBJC_MSGSEND = YES;
				GCC_C_LANGUAGE_STANDARD = gnu99;
				GCC_NO_COMMON_BLOCKS = YES;
				GCC_WARN_64_TO_32_BIT_CONVERSION = YES;
				GCC_WARN_ABOUT_RETURN_TYPE = YES_ERROR;
				GCC_WARN_UNDECLARED_SELECTOR = YES;
				GCC_WARN_UNINITIALIZED_AUTOS = YES_AGGRESSIVE;
				GCC_WARN_UNUSED_FUNCTION = YES;
				GCC_WARN_UNUSED_VARIABLE = YES;
				IPHONEOS_DEPLOYMENT_TARGET = 9.2;
				MTL_ENABLE_DEBUG_INFO = NO;
				SDKROOT = iphoneos;
				TARGETED_DEVICE_FAMILY = "1,2";
				VALIDATE_PRODUCT = YES;
			};
			name = Release;
		};
		96348ECA1C68715600101AA9 /* Debug */ = {
			isa = XCBuildConfiguration;
			buildSettings = {
				ASSETCATALOG_COMPILER_APPICON_NAME = AppIcon;
				INFOPLIST_FILE = "BurgerButtonManager-class/Info.plist";
				LD_RUNPATH_SEARCH_PATHS = "$(inherited) @executable_path/Frameworks";
				PRODUCT_BUNDLE_IDENTIFIER = "com.saitjr.BurgerButtonManager-class";
				PRODUCT_NAME = "$(TARGET_NAME)";
			};
			name = Debug;
		};
		96348ECB1C68715600101AA9 /* Release */ = {
			isa = XCBuildConfiguration;
			buildSettings = {
				ASSETCATALOG_COMPILER_APPICON_NAME = AppIcon;
				INFOPLIST_FILE = "BurgerButtonManager-class/Info.plist";
				LD_RUNPATH_SEARCH_PATHS = "$(inherited) @executable_path/Frameworks";
				PRODUCT_BUNDLE_IDENTIFIER = "com.saitjr.BurgerButtonManager-class";
				PRODUCT_NAME = "$(TARGET_NAME)";
			};
			name = Release;
		};
/* End XCBuildConfiguration section */

/* Begin XCConfigurationList section */
		96348EB21C68715600101AA9 /* Build configuration list for PBXProject "BurgerButtonManager-class" */ = {
			isa = XCConfigurationList;
			buildConfigurations = (
				96348EC71C68715600101AA9 /* Debug */,
				96348EC81C68715600101AA9 /* Release */,
			);
			defaultConfigurationIsVisible = 0;
			defaultConfigurationName = Release;
		};
		96348EC91C68715600101AA9 /* Build configuration list for PBXNativeTarget "BurgerButtonManager-class" */ = {
			isa = XCConfigurationList;
			buildConfigurations = (
				96348ECA1C68715600101AA9 /* Debug */,
				96348ECB1C68715600101AA9 /* Release */,
			);
			defaultConfigurationIsVisible = 0;
			defaultConfigurationName = Release;
		};
/* End XCConfigurationList section */
	};
	rootObject = 96348EAF1C68715600101AA9 /* Project object */;
}
